// !$*UTF8*$!
{
	archiveVersion = 1;
	classes = {
	};
	objectVersion = 46;
	objects = {

/* Begin PBXBuildFile section */
		8EB85CD01D86CFCB009E1692 /* AppDelegate.swift in Sources */ = {isa = PBXBuildFile; fileRef = 8EB85CCF1D86CFCB009E1692 /* AppDelegate.swift */; };
		8EB85CD21D86CFCB009E1692 /* ViewController.swift in Sources */ = {isa = PBXBuildFile; fileRef = 8EB85CD11D86CFCB009E1692 /* ViewController.swift */; };
		8EB85CD51D86CFCB009E1692 /* Main.storyboard in Resources */ = {isa = PBXBuildFile; fileRef = 8EB85CD31D86CFCB009E1692 /* Main.storyboard */; };
		8EB85CD71D86CFCB009E1692 /* Assets.xcassets in Resources */ = {isa = PBXBuildFile; fileRef = 8EB85CD61D86CFCB009E1692 /* Assets.xcassets */; };
		8EB85CDA1D86CFCB009E1692 /* LaunchScreen.storyboard in Resources */ = {isa = PBXBuildFile; fileRef = 8EB85CD81D86CFCB009E1692 /* LaunchScreen.storyboard */; };
		8EB85CE81D86D1FD009E1692 /* Model.swift in Sources */ = {isa = PBXBuildFile; fileRef = 8EB85CE71D86D1FD009E1692 /* Model.swift */; };
		8EB85CEA1D86D371009E1692 /* FirstCell.swift in Sources */ = {isa = PBXBuildFile; fileRef = 8EB85CE91D86D371009E1692 /* FirstCell.swift */; };
		8EB85CEC1D86D37D009E1692 /* SecondCell.swift in Sources */ = {isa = PBXBuildFile; fileRef = 8EB85CEB1D86D37D009E1692 /* SecondCell.swift */; };
		8EE02C311D941D4A00B93A24 /* ThirdCell.swift in Sources */ = {isa = PBXBuildFile; fileRef = 8EE02C301D941D4A00B93A24 /* ThirdCell.swift */; };
		9A7EDA9E56FD54CD77C82BAE /* Pods_MultipleCells.framework in Frameworks */ = {isa = PBXBuildFile; fileRef = 52187D7C7226479CAC3409EC /* Pods_MultipleCells.framework */; };
/* End PBXBuildFile section */

/* Begin PBXFileReference section */
		52187D7C7226479CAC3409EC /* Pods_MultipleCells.framework */ = {isa = PBXFileReference; explicitFileType = wrapper.framework; includeInIndex = 0; path = Pods_MultipleCells.framework; sourceTree = BUILT_PRODUCTS_DIR; };
		528B970FF151258B163ECC43 /* Pods-MultipleCells.debug.xcconfig */ = {isa = PBXFileReference; includeInIndex = 1; lastKnownFileType = text.xcconfig; name = "Pods-MultipleCells.debug.xcconfig"; path = "Pods/Target Support Files/Pods-MultipleCells/Pods-MultipleCells.debug.xcconfig"; sourceTree = "<group>"; };
		8EB85CCC1D86CFCB009E1692 /* MultipleCells.app */ = {isa = PBXFileReference; explicitFileType = wrapper.application; includeInIndex = 0; path = MultipleCells.app; sourceTree = BUILT_PRODUCTS_DIR; };
		8EB85CCF1D86CFCB009E1692 /* AppDelegate.swift */ = {isa = PBXFileReference; lastKnownFileType = sourcecode.swift; path = AppDelegate.swift; sourceTree = "<group>"; };
		8EB85CD11D86CFCB009E1692 /* ViewController.swift */ = {isa = PBXFileReference; lastKnownFileType = sourcecode.swift; path = ViewController.swift; sourceTree = "<group>"; };
		8EB85CD41D86CFCB009E1692 /* Base */ = {isa = PBXFileReference; lastKnownFileType = file.storyboard; name = Base; path = Base.lproj/Main.storyboard; sourceTree = "<group>"; };
		8EB85CD61D86CFCB009E1692 /* Assets.xcassets */ = {isa = PBXFileReference; lastKnownFileType = folder.assetcatalog; path = Assets.xcassets; sourceTree = "<group>"; };
		8EB85CD91D86CFCB009E1692 /* Base */ = {isa = PBXFileReference; lastKnownFileType = file.storyboard; name = Base; path = Base.lproj/LaunchScreen.storyboard; sourceTree = "<group>"; };
		8EB85CDB1D86CFCB009E1692 /* Info.plist */ = {isa = PBXFileReference; lastKnownFileType = text.plist.xml; path = Info.plist; sourceTree = "<group>"; };
		8EB85CE71D86D1FD009E1692 /* Model.swift */ = {isa = PBXFileReference; fileEncoding = 4; lastKnownFileType = sourcecode.swift; path = Model.swift; sourceTree = "<group>"; };
		8EB85CE91D86D371009E1692 /* FirstCell.swift */ = {isa = PBXFileReference; fileEncoding = 4; lastKnownFileType = sourcecode.swift; path = FirstCell.swift; sourceTree = "<group>"; };
		8EB85CEB1D86D37D009E1692 /* SecondCell.swift */ = {isa = PBXFileReference; fileEncoding = 4; lastKnownFileType = sourcecode.swift; path = SecondCell.swift; sourceTree = "<group>"; };
		8EE02C301D941D4A00B93A24 /* ThirdCell.swift */ = {isa = PBXFileReference; fileEncoding = 4; lastKnownFileType = sourcecode.swift; path = ThirdCell.swift; sourceTree = "<group>"; };
		E00F3DB4C47EC25DC38C788A /* Pods-MultipleCells.release.xcconfig */ = {isa = PBXFileReference; includeInIndex = 1; lastKnownFileType = text.xcconfig; name = "Pods-MultipleCells.release.xcconfig"; path = "Pods/Target Support Files/Pods-MultipleCells/Pods-MultipleCells.release.xcconfig"; sourceTree = "<group>"; };
/* End PBXFileReference section */

/* Begin PBXFrameworksBuildPhase section */
		8EB85CC91D86CFCB009E1692 /* Frameworks */ = {
			isa = PBXFrameworksBuildPhase;
			buildActionMask = 2147483647;
			files = (
				9A7EDA9E56FD54CD77C82BAE /* Pods_MultipleCells.framework in Frameworks */,
			);
			runOnlyForDeploymentPostprocessing = 0;
		};
/* End PBXFrameworksBuildPhase section */

/* Begin PBXGroup section */
		1DE3B24523C85BB28D9D0B5E /* Pods */ = {
			isa = PBXGroup;
			children = (
				528B970FF151258B163ECC43 /* Pods-MultipleCells.debug.xcconfig */,
				E00F3DB4C47EC25DC38C788A /* Pods-MultipleCells.release.xcconfig */,
			);
			name = Pods;
			sourceTree = "<group>";
		};
		8EB85CC31D86CFCB009E1692 = {
			isa = PBXGroup;
			children = (
				8EB85CCE1D86CFCB009E1692 /* MultipleCells */,
				8EB85CCD1D86CFCB009E1692 /* Products */,
				1DE3B24523C85BB28D9D0B5E /* Pods */,
				D3C492C37E14FEB0EB7A0DFD /* Frameworks */,
			);
			sourceTree = "<group>";
		};
		8EB85CCD1D86CFCB009E1692 /* Products */ = {
			isa = PBXGroup;
			children = (
				8EB85CCC1D86CFCB009E1692 /* MultipleCells.app */,
			);
			name = Products;
			sourceTree = "<group>";
		};
		8EB85CCE1D86CFCB009E1692 /* MultipleCells */ = {
			isa = PBXGroup;
			children = (
				8EB85CCF1D86CFCB009E1692 /* AppDelegate.swift */,
				8EB85CE61D86D1F2009E1692 /* Model */,
				8EB85CED1D86D6FD009E1692 /* Controller */,
				8EB85CD31D86CFCB009E1692 /* Main.storyboard */,
				8EB85CD61D86CFCB009E1692 /* Assets.xcassets */,
				8EB85CD81D86CFCB009E1692 /* LaunchScreen.storyboard */,
				8EB85CDB1D86CFCB009E1692 /* Info.plist */,
			);
			path = MultipleCells;
			sourceTree = "<group>";
		};
		8EB85CE61D86D1F2009E1692 /* Model */ = {
			isa = PBXGroup;
			children = (
				8EB85CE71D86D1FD009E1692 /* Model.swift */,
			);
			name = Model;
			sourceTree = "<group>";
		};
		8EB85CED1D86D6FD009E1692 /* Controller */ = {
			isa = PBXGroup;
			children = (
				8EB85CD11D86CFCB009E1692 /* ViewController.swift */,
				8EB85CE91D86D371009E1692 /* FirstCell.swift */,
				8EB85CEB1D86D37D009E1692 /* SecondCell.swift */,
				8EE02C301D941D4A00B93A24 /* ThirdCell.swift */,
			);
			name = Controller;
			sourceTree = "<group>";
		};
		D3C492C37E14FEB0EB7A0DFD /* Frameworks */ = {
			isa = PBXGroup;
			children = (
				52187D7C7226479CAC3409EC /* Pods_MultipleCells.framework */,
			);
			name = Frameworks;
			sourceTree = "<group>";
		};
/* End PBXGroup section */

/* Begin PBXNativeTarget section */
		8EB85CCB1D86CFCB009E1692 /* MultipleCells */ = {
			isa = PBXNativeTarget;
			buildConfigurationList = 8EB85CDE1D86CFCB009E1692 /* Build configuration list for PBXNativeTarget "MultipleCells" */;
			buildPhases = (
				19910A1B63A6C9A2A708AEF2 /* [CP] Check Pods Manifest.lock */,
				8EB85CC81D86CFCB009E1692 /* Sources */,
				8EB85CC91D86CFCB009E1692 /* Frameworks */,
				8EB85CCA1D86CFCB009E1692 /* Resources */,
				8E5E29B1FCE152B9139BD228 /* [CP] Embed Pods Frameworks */,
				D7BD9BADD60EF6DF098AE4DA /* [CP] Copy Pods Resources */,
			);
			buildRules = (
			);
			dependencies = (
			);
			name = MultipleCells;
			productName = MultipleCells;
			productReference = 8EB85CCC1D86CFCB009E1692 /* MultipleCells.app */;
			productType = "com.apple.product-type.application";
		};
/* End PBXNativeTarget section */

/* Begin PBXProject section */
		8EB85CC41D86CFCB009E1692 /* Project object */ = {
			isa = PBXProject;
			attributes = {
				LastSwiftUpdateCheck = 0730;
				LastUpgradeCheck = 0730;
				ORGANIZATIONNAME = "Arthur van Loo";
				TargetAttributes = {
					8EB85CCB1D86CFCB009E1692 = {
						CreatedOnToolsVersion = 7.3.1;
						DevelopmentTeam = XT296WPWHJ;
						LastSwiftMigration = 0800;
					};
				};
			};
			buildConfigurationList = 8EB85CC71D86CFCB009E1692 /* Build configuration list for PBXProject "MultipleCells" */;
			compatibilityVersion = "Xcode 3.2";
			developmentRegion = English;
			hasScannedForEncodings = 0;
			knownRegions = (
				en,
				Base,
			);
			mainGroup = 8EB85CC31D86CFCB009E1692;
			productRefGroup = 8EB85CCD1D86CFCB009E1692 /* Products */;
			projectDirPath = "";
			projectRoot = "";
			targets = (
				8EB85CCB1D86CFCB009E1692 /* MultipleCells */,
			);
		};
/* End PBXProject section */

/* Begin PBXResourcesBuildPhase section */
		8EB85CCA1D86CFCB009E1692 /* Resources */ = {
			isa = PBXResourcesBuildPhase;
			buildActionMask = 2147483647;
			files = (
				8EB85CDA1D86CFCB009E1692 /* LaunchScreen.storyboard in Resources */,
				8EB85CD71D86CFCB009E1692 /* Assets.xcassets in Resources */,
				8EB85CD51D86CFCB009E1692 /* Main.storyboard in Resources */,
			);
			runOnlyForDeploymentPostprocessing = 0;
		};
/* End PBXResourcesBuildPhase section */

/* Begin PBXShellScriptBuildPhase section */
		19910A1B63A6C9A2A708AEF2 /* [CP] Check Pods Manifest.lock */ = {
			isa = PBXShellScriptBuildPhase;
			buildActionMask = 2147483647;
			files = (
			);
			inputPaths = (
			);
			name = "[CP] Check Pods Manifest.lock";
			outputPaths = (
			);
			runOnlyForDeploymentPostprocessing = 0;
			shellPath = /bin/sh;
			shellScript = "diff \"${PODS_ROOT}/../Podfile.lock\" \"${PODS_ROOT}/Manifest.lock\" > /dev/null\nif [ $? != 0 ] ; then\n    # print error to STDERR\n    echo \"error: The sandbox is not in sync with the Podfile.lock. Run 'pod install' or update your CocoaPods installation.\" >&2\n    exit 1\nfi\n";
			showEnvVarsInLog = 0;
		};
		8E5E29B1FCE152B9139BD228 /* [CP] Embed Pods Frameworks */ = {
			isa = PBXShellScriptBuildPhase;
			buildActionMask = 2147483647;
			files = (
			);
			inputPaths = (
			);
			name = "[CP] Embed Pods Frameworks";
			outputPaths = (
			);
			runOnlyForDeploymentPostprocessing = 0;
			shellPath = /bin/sh;
			shellScript = "\"${SRCROOT}/Pods/Target Support Files/Pods-MultipleCells/Pods-MultipleCells-frameworks.sh\"\n";
			showEnvVarsInLog = 0;
		};
		D7BD9BADD60EF6DF098AE4DA /* [CP] Copy Pods Resources */ = {
			isa = PBXShellScriptBuildPhase;
			buildActionMask = 2147483647;
			files = (
			);
			inputPaths = (
			);
			name = "[CP] Copy Pods Resources";
			outputPaths = (
			);
			runOnlyForDeploymentPostprocessing = 0;
			shellPath = /bin/sh;
			shellScript = "\"${SRCROOT}/Pods/Target Support Files/Pods-MultipleCells/Pods-MultipleCells-resources.sh\"\n";
			showEnvVarsInLog = 0;
		};
/* End PBXShellScriptBuildPhase section */

/* Begin PBXSourcesBuildPhase section */
		8EB85CC81D86CFCB009E1692 /* Sources */ = {
			isa = PBXSourcesBuildPhase;
			buildActionMask = 2147483647;
			files = (
				8EB85CE81D86D1FD009E1692 /* Model.swift in Sources */,
				8EB85CD21D86CFCB009E1692 /* ViewController.swift in Sources */,
				8EB85CEA1D86D371009E1692 /* FirstCell.swift in Sources */,
				8EE02C311D941D4A00B93A24 /* ThirdCell.swift in Sources */,
				8EB85CEC1D86D37D009E1692 /* SecondCell.swift in Sources */,
				8EB85CD01D86CFCB009E1692 /* AppDelegate.swift in Sources */,
			);
			runOnlyForDeploymentPostprocessing = 0;
		};
/* End PBXSourcesBuildPhase section */

/* Begin PBXVariantGroup section */
		8EB85CD31D86CFCB009E1692 /* Main.storyboard */ = {
			isa = PBXVariantGroup;
			children = (
				8EB85CD41D86CFCB009E1692 /* Base */,
			);
			name = Main.storyboard;
			sourceTree = "<group>";
		};
		8EB85CD81D86CFCB009E1692 /* LaunchScreen.storyboard */ = {
			isa = PBXVariantGroup;
			children = (
				8EB85CD91D86CFCB009E1692 /* Base */,
			);
			name = LaunchScreen.storyboard;
			sourceTree = "<group>";
		};
/* End PBXVariantGroup section */

/* Begin XCBuildConfiguration section */
		8EB85CDC1D86CFCB009E1692 /* Debug */ = {
			isa = XCBuildConfiguration;
			buildSettings = {
				ALWAYS_SEARCH_USER_PATHS = NO;
				CLANG_ANALYZER_NONNULL = YES;
				CLANG_CXX_LANGUAGE_STANDARD = "gnu++0x";
				CLANG_CXX_LIBRARY = "libc++";
				CLANG_ENABLE_MODULES = YES;
				CLANG_ENABLE_OBJC_ARC = YES;
				CLANG_WARN_BOOL_CONVERSION = YES;
				CLANG_WARN_CONSTANT_CONVERSION = YES;
				CLANG_WARN_DIRECT_OBJC_ISA_USAGE = YES_ERROR;
				CLANG_WARN_EMPTY_BODY = YES;
				CLANG_WARN_ENUM_CONVERSION = YES;
				CLANG_WARN_INT_CONVERSION = YES;
				CLANG_WARN_OBJC_ROOT_CLASS = YES_ERROR;
				CLANG_WARN_UNREACHABLE_CODE = YES;
				CLANG_WARN__DUPLICATE_METHOD_MATCH = YES;
				"CODE_SIGN_IDENTITY[sdk=iphoneos*]" = "iPhone Developer";
				COPY_PHASE_STRIP = NO;
				DEBUG_INFORMATION_FORMAT = dwarf;
				ENABLE_STRICT_OBJC_MSGSEND = YES;
				ENABLE_TESTABILITY = YES;
				GCC_C_LANGUAGE_STANDARD = gnu99;
				GCC_DYNAMIC_NO_PIC = NO;
				GCC_NO_COMMON_BLOCKS = YES;
				GCC_OPTIMIZATION_LEVEL = 0;
				GCC_PREPROCESSOR_DEFINITIONS = (
					"DEBUG=1",
					"$(inherited)",
				);
				GCC_WARN_64_TO_32_BIT_CONVERSION = YES;
				GCC_WARN_ABOUT_RETURN_TYPE = YES_ERROR;
				GCC_WARN_UNDECLARED_SELECTOR = YES;
				GCC_WARN_UNINITIALIZED_AUTOS = YES_AGGRESSIVE;
				GCC_WARN_UNUSED_FUNCTION = YES;
				GCC_WARN_UNUSED_VARIABLE = YES;
				IPHONEOS_DEPLOYMENT_TARGET = 9.3;
				MTL_ENABLE_DEBUG_INFO = YES;
				ONLY_ACTIVE_ARCH = YES;
				SDKROOT = iphoneos;
				SWIFT_OPTIMIZATION_LEVEL = "-Onone";
				TARGETED_DEVICE_FAMILY = "1,2";
			};
			name = Debug;
		};
		8EB85CDD1D86CFCB009E1692 /* Release */ = {
			isa = XCBuildConfiguration;
			buildSettings = {
				ALWAYS_SEARCH_USER_PATHS = NO;
				CLANG_ANALYZER_NONNULL = YES;
				CLANG_CXX_LANGUAGE_STANDARD = "gnu++0x";
				CLANG_CXX_LIBRARY = "libc++";
				CLANG_ENABLE_MODULES = YES;
				CLANG_ENABLE_OBJC_ARC = YES;
				CLANG_WARN_BOOL_CONVERSION = YES;
				CLANG_WARN_CONSTANT_CONVERSION = YES;
				CLANG_WARN_DIRECT_OBJC_ISA_USAGE = YES_ERROR;
				CLANG_WARN_EMPTY_BODY = YES;
				CLANG_WARN_ENUM_CONVERSION = YES;
				CLANG_WARN_INT_CONVERSION = YES;
				CLANG_WARN_OBJC_ROOT_CLASS = YES_ERROR;
				CLANG_WARN_UNREACHABLE_CODE = YES;
				CLANG_WARN__DUPLICATE_METHOD_MATCH = YES;
				"CODE_SIGN_IDENTITY[sdk=iphoneos*]" = "iPhone Developer";
				COPY_PHASE_STRIP = NO;
				DEBUG_INFORMATION_FORMAT = "dwarf-with-dsym";
				ENABLE_NS_ASSERTIONS = NO;
				ENABLE_STRICT_OBJC_MSGSEND = YES;
				GCC_C_LANGUAGE_STANDARD = gnu99;
				GCC_NO_COMMON_BLOCKS = YES;
				GCC_WARN_64_TO_32_BIT_CONVERSION = YES;
				GCC_WARN_ABOUT_RETURN_TYPE = YES_ERROR;
				GCC_WARN_UNDECLARED_SELECTOR = YES;
				GCC_WARN_UNINITIALIZED_AUTOS = YES_AGGRESSIVE;
				GCC_WARN_UNUSED_FUNCTION = YES;
				GCC_WARN_UNUSED_VARIABLE = YES;
				IPHONEOS_DEPLOYMENT_TARGET = 9.3;
				MTL_ENABLE_DEBUG_INFO = NO;
				SDKROOT = iphoneos;
				TARGETED_DEVICE_FAMILY = "1,2";
				VALIDATE_PRODUCT = YES;
			};
			name = Release;
		};
		8EB85CDF1D86CFCB009E1692 /* Debug */ = {
			isa = XCBuildConfiguration;
			baseConfigurationReference = 528B970FF151258B163ECC43 /* Pods-MultipleCells.debug.xcconfig */;
			buildSettings = {
				ASSETCATALOG_COMPILER_APPICON_NAME = AppIcon;
				INFOPLIST_FILE = MultipleCells/Info.plist;
				LD_RUNPATH_SEARCH_PATHS = "$(inherited) @executable_path/Frameworks";
				PRODUCT_BUNDLE_IDENTIFIER = com.vanlooproducts.MultipleCells;
				PRODUCT_NAME = "$(TARGET_NAME)";
				SWIFT_VERSION = 3.0;
			};
			name = Debug;
		};
		8EB85CE01D86CFCB009E1692 /* Release */ = {
			isa = XCBuildConfiguration;
			baseConfigurationReference = E00F3DB4C47EC25DC38C788A /* Pods-MultipleCells.release.xcconfig */;
			buildSettings = {
				ASSETCATALOG_COMPILER_APPICON_NAME = AppIcon;
				INFOPLIST_FILE = MultipleCells/Info.plist;
				LD_RUNPATH_SEARCH_PATHS = "$(inherited) @executable_path/Frameworks";
				PRODUCT_BUNDLE_IDENTIFIER = com.vanlooproducts.MultipleCells;
				PRODUCT_NAME = "$(TARGET_NAME)";
				SWIFT_VERSION = 3.0;
			};
			name = Release;
		};
/* End XCBuildConfiguration section */

/* Begin XCConfigurationList section */
		8EB85CC71D86CFCB009E1692 /* Build configuration list for PBXProject "MultipleCells" */ = {
			isa = XCConfigurationList;
			buildConfigurations = (
				8EB85CDC1D86CFCB009E1692 /* Debug */,
				8EB85CDD1D86CFCB009E1692 /* Release */,
			);
			defaultConfigurationIsVisible = 0;
			defaultConfigurationName = Release;
		};
		8EB85CDE1D86CFCB009E1692 /* Build configuration list for PBXNativeTarget "MultipleCells" */ = {
			isa = XCConfigurationList;
			buildConfigurations = (
				8EB85CDF1D86CFCB009E1692 /* Debug */,
				8EB85CE01D86CFCB009E1692 /* Release */,
			);
			defaultConfigurationIsVisible = 0;
			defaultConfigurationName = Release;
		};
/* End XCConfigurationList section */
	};
	rootObject = 8EB85CC41D86CFCB009E1692 /* Project object */;
}
